
Microsoft Visual Studio Solution File, Format Version 12.00
# Visual Studio 15
VisualStudioVersion = 15.0.28010.2041
MinimumVisualStudioVersion = 10.0.40219.1
Project("{FAE04EC0-301F-11D3-BF4B-00C04F79EFBC}") = "PhoneService.App", "PhoneService.App\PhoneService.App.csproj", "{862DD083-5862-493B-AB29-E8DE31B5241F}"
EndProject
Project("{FAE04EC0-301F-11D3-BF4B-00C04F79EFBC}") = "PhoneService.Core", "..\..\Domain\PhoneService.Core\PhoneService.Core.csproj", "{B811D95D-7D65-40A8-B0B3-B8119CD93046}"
EndProject
Project("{FAE04EC0-301F-11D3-BF4B-00C04F79EFBC}") = "PhoneService.Domain", "..\..\Domain\PhonService.Domain\PhoneService.Domain\PhoneService.Domain.csproj", "{BC7A63E9-F05A-4850-98FE-A333ECEC429F}"
EndProject
Project("{FAE04EC0-301F-11D3-BF4B-00C04F79EFBC}") = "PhoneService.Infrastructure", "..\..\Infrastructure\PhoneService.Infrastructure\PhoneService.Infrastructure.csproj", "{0C788E89-454B-45B9-8B9E-6BE5285DF222}"
EndProject
Project("{FAE04EC0-301F-11D3-BF4B-00C04F79EFBC}") = "PhoneService.Persistance", "..\..\Infrastructure\PhoneService.Persistance\PhoneService.Persistance.csproj", "{1C716831-3C3D-43D0-81A7-F2AD86A4E5B1}"
EndProject
Global
	GlobalSection(SolutionConfigurationPlatforms) = preSolution
		Debug|Any CPU = Debug|Any CPU
		Release|Any CPU = Release|Any CPU
	EndGlobalSection
	GlobalSection(ProjectConfigurationPlatforms) = postSolution
		{862DD083-5862-493B-AB29-E8DE31B5241F}.Debug|Any CPU.ActiveCfg = Debug|Any CPU
		{862DD083-5862-493B-AB29-E8DE31B5241F}.Debug|Any CPU.Build.0 = Debug|Any CPU
		{862DD083-5862-493B-AB29-E8DE31B5241F}.Release|Any CPU.ActiveCfg = Release|Any CPU
		{862DD083-5862-493B-AB29-E8DE31B5241F}.Release|Any CPU.Build.0 = Release|Any CPU
		{B811D95D-7D65-40A8-B0B3-B8119CD93046}.Debug|Any CPU.ActiveCfg = Debug|Any CPU
		{B811D95D-7D65-40A8-B0B3-B8119CD93046}.Debug|Any CPU.Build.0 = Debug|Any CPU
		{B811D95D-7D65-40A8-B0B3-B8119CD93046}.Release|Any CPU.ActiveCfg = Release|Any CPU
		{B811D95D-7D65-40A8-B0B3-B8119CD93046}.Release|Any CPU.Build.0 = Release|Any CPU
		{BC7A63E9-F05A-4850-98FE-A333ECEC429F}.Debug|Any CPU.ActiveCfg = Debug|Any CPU
		{BC7A63E9-F05A-4850-98FE-A333ECEC429F}.Debug|Any CPU.Build.0 = Debug|Any CPU
		{BC7A63E9-F05A-4850-98FE-A333ECEC429F}.Release|Any CPU.ActiveCfg = Release|Any CPU
		{BC7A63E9-F05A-4850-98FE-A333ECEC429F}.Release|Any CPU.Build.0 = Release|Any CPU
		{0C788E89-454B-45B9-8B9E-6BE5285DF222}.Debug|Any CPU.ActiveCfg = Debug|Any CPU
		{0C788E89-454B-45B9-8B9E-6BE5285DF222}.Debug|Any CPU.Build.0 = Debug|Any CPU
		{0C788E89-454B-45B9-8B9E-6BE5285DF222}.Release|Any CPU.ActiveCfg = Release|Any CPU
		{0C788E89-454B-45B9-8B9E-6BE5285DF222}.Release|Any CPU.Build.0 = Release|Any CPU
		{1C716831-3C3D-43D0-81A7-F2AD86A4E5B1}.Debug|Any CPU.ActiveCfg = Debug|Any CPU
		{1C716831-3C3D-43D0-81A7-F2AD86A4E5B1}.Debug|Any CPU.Build.0 = Debug|Any CPU
		{1C716831-3C3D-43D0-81A7-F2AD86A4E5B1}.Release|Any CPU.ActiveCfg = Release|Any CPU
		{1C716831-3C3D-43D0-81A7-F2AD86A4E5B1}.Release|Any CPU.Build.0 = Release|Any CPU
	EndGlobalSection
	GlobalSection(SolutionProperties) = preSolution
		HideSolutionNode = FALSE
	EndGlobalSection
	GlobalSection(ExtensibilityGlobals) = postSolution
		SolutionGuid = {DCEA7825-0252-4C9E-ACDB-A6C7548684D2}
	EndGlobalSection
EndGlobal
